
Microsoft Visual Studio Solution File, Format Version 12.00
# Visual Studio 14
VisualStudioVersion = 14.0.23107.0
MinimumVisualStudioVersion = 10.0.40219.1
Project("{FAE04EC0-301F-11D3-BF4B-00C04F79EFBC}") = "JeonsoftTeamScriptManager", "JeonsoftTeamScriptManager\JeonsoftTeamScriptManager.csproj", "{5C22523D-D709-478F-9480-B50959F95974}"
EndProject
Project("{FAE04EC0-301F-11D3-BF4B-00C04F79EFBC}") = "Test", "Test\Test.csproj", "{478AAAEB-D015-4568-ADD7-7018BFCE0E77}"
EndProject
Project("{FAE04EC0-301F-11D3-BF4B-00C04F79EFBC}") = "CVSTest", "CVSTest\CVSTest.csproj", "{D8C331D9-4C07-462A-89E8-4F78DC94CE70}"
EndProject
Project("{FAE04EC0-301F-11D3-BF4B-00C04F79EFBC}") = "TeamScriptManagerforWPF", "TeamScriptManagerforWPF\TeamScriptManagerforWPF.csproj", "{E2437563-1833-44BE-B7E3-E7DC5F624686}"
EndProject
Project("{FAE04EC0-301F-11D3-BF4B-00C04F79EFBC}") = "SQLDependencyWalker", "SQLDependencyWalker\SQLDependencyWalker.csproj", "{4A4152B3-4A11-4178-AA46-FDF6592514B2}"
EndProject
Project("{FAE04EC0-301F-11D3-BF4B-00C04F79EFBC}") = "JeonsoftTeamScriptManager.Utils", "JeonsoftTeamScriptManager.Utils\JeonsoftTeamScriptManager.Utils.csproj", "{875AC5B0-4F7E-4A98-BB93-7B462CE20CAA}"
EndProject
Project("{FAE04EC0-301F-11D3-BF4B-00C04F79EFBC}") = "GitTest", "GitTest\GitTest.csproj", "{04C3297B-7B84-4F46-9DA1-390D01EDAFDE}"
EndProject
Global
	GlobalSection(SolutionConfigurationPlatforms) = preSolution
		Debug|Any CPU = Debug|Any CPU
		Release|Any CPU = Release|Any CPU
	EndGlobalSection
	GlobalSection(ProjectConfigurationPlatforms) = postSolution
		{5C22523D-D709-478F-9480-B50959F95974}.Debug|Any CPU.ActiveCfg = Debug|Any CPU
		{5C22523D-D709-478F-9480-B50959F95974}.Debug|Any CPU.Build.0 = Debug|Any CPU
		{5C22523D-D709-478F-9480-B50959F95974}.Release|Any CPU.ActiveCfg = Release|Any CPU
		{5C22523D-D709-478F-9480-B50959F95974}.Release|Any CPU.Build.0 = Release|Any CPU
		{478AAAEB-D015-4568-ADD7-7018BFCE0E77}.Debug|Any CPU.ActiveCfg = Debug|Any CPU
		{478AAAEB-D015-4568-ADD7-7018BFCE0E77}.Debug|Any CPU.Build.0 = Debug|Any CPU
		{478AAAEB-D015-4568-ADD7-7018BFCE0E77}.Release|Any CPU.ActiveCfg = Release|Any CPU
		{478AAAEB-D015-4568-ADD7-7018BFCE0E77}.Release|Any CPU.Build.0 = Release|Any CPU
		{D8C331D9-4C07-462A-89E8-4F78DC94CE70}.Debug|Any CPU.ActiveCfg = Debug|Any CPU
		{D8C331D9-4C07-462A-89E8-4F78DC94CE70}.Debug|Any CPU.Build.0 = Debug|Any CPU
		{D8C331D9-4C07-462A-89E8-4F78DC94CE70}.Release|Any CPU.ActiveCfg = Release|Any CPU
		{D8C331D9-4C07-462A-89E8-4F78DC94CE70}.Release|Any CPU.Build.0 = Release|Any CPU
		{E2437563-1833-44BE-B7E3-E7DC5F624686}.Debug|Any CPU.ActiveCfg = Debug|Any CPU
		{E2437563-1833-44BE-B7E3-E7DC5F624686}.Debug|Any CPU.Build.0 = Debug|Any CPU
		{E2437563-1833-44BE-B7E3-E7DC5F624686}.Release|Any CPU.ActiveCfg = Release|Any CPU
		{E2437563-1833-44BE-B7E3-E7DC5F624686}.Release|Any CPU.Build.0 = Release|Any CPU
		{4A4152B3-4A11-4178-AA46-FDF6592514B2}.Debug|Any CPU.ActiveCfg = Debug|Any CPU
		{4A4152B3-4A11-4178-AA46-FDF6592514B2}.Debug|Any CPU.Build.0 = Debug|Any CPU
		{4A4152B3-4A11-4178-AA46-FDF6592514B2}.Release|Any CPU.ActiveCfg = Release|Any CPU
		{4A4152B3-4A11-4178-AA46-FDF6592514B2}.Release|Any CPU.Build.0 = Release|Any CPU
		{875AC5B0-4F7E-4A98-BB93-7B462CE20CAA}.Debug|Any CPU.ActiveCfg = Debug|Any CPU
		{875AC5B0-4F7E-4A98-BB93-7B462CE20CAA}.Debug|Any CPU.Build.0 = Debug|Any CPU
		{875AC5B0-4F7E-4A98-BB93-7B462CE20CAA}.Release|Any CPU.ActiveCfg = Release|Any CPU
		{875AC5B0-4F7E-4A98-BB93-7B462CE20CAA}.Release|Any CPU.Build.0 = Release|Any CPU
		{04C3297B-7B84-4F46-9DA1-390D01EDAFDE}.Debug|Any CPU.ActiveCfg = Debug|Any CPU
		{04C3297B-7B84-4F46-9DA1-390D01EDAFDE}.Debug|Any CPU.Build.0 = Debug|Any CPU
		{04C3297B-7B84-4F46-9DA1-390D01EDAFDE}.Release|Any CPU.ActiveCfg = Release|Any CPU
		{04C3297B-7B84-4F46-9DA1-390D01EDAFDE}.Release|Any CPU.Build.0 = Release|Any CPU
	EndGlobalSection
	GlobalSection(SolutionProperties) = preSolution
		HideSolutionNode = FALSE
	EndGlobalSection
EndGlobal
